
Microsoft Visual Studio Solution File, Format Version 12.00
# Visual Studio Version 17
VisualStudioVersion = 17.5.002.0
MinimumVisualStudioVersion = 10.0.40219.1
Project("{9A19103F-16F7-4668-BE54-9A1E7A4F7556}") = "OnlineShop2", "OnlineShop2.csproj", "{9012701B-8776-4776-BA37-1E55E4F52889}"
EndProject
Global
	GlobalSection(SolutionConfigurationPlatforms) = preSolution
		Debug|Any CPU = Debug|Any CPU
		Release|Any CPU = Release|Any CPU
	EndGlobalSection
	GlobalSection(ProjectConfigurationPlatforms) = postSolution
		{9012701B-8776-4776-BA37-1E55E4F52889}.Debug|Any CPU.ActiveCfg = Debug|Any CPU
		{9012701B-8776-4776-BA37-1E55E4F52889}.Debug|Any CPU.Build.0 = Debug|Any CPU
		{9012701B-8776-4776-BA37-1E55E4F52889}.Release|Any CPU.ActiveCfg = Release|Any CPU
		{9012701B-8776-4776-BA37-1E55E4F52889}.Release|Any CPU.Build.0 = Release|Any CPU
	EndGlobalSection
	GlobalSection(SolutionProperties) = preSolution
		HideSolutionNode = FALSE
	EndGlobalSection
	GlobalSection(ExtensibilityGlobals) = postSolution
		SolutionGuid = {071E025A-AFFA-4B7A-9A2A-52218686E39C}
	EndGlobalSection
EndGlobal
